# THIS IS AN AUTOGENERATED FILE. DO NOT EDIT THIS FILE DIRECTLY.
# yarn lockfile v1


"@rive-app/canvas@2.25.2":
  version "2.25.2"
  resolved "https://registry.yarnpkg.com/@rive-app/canvas/-/canvas-2.25.2.tgz#32d18be62c1dbb94a0c31b7d2d208a6dad319c2f"
  integrity sha512-6iCWnr1VG1su9e9ZUV+gA38+LEBfpYkzCkx4MvBe0FwkYaFeHybj2bLwEr8AYBlxfqWBI5mTEiA5NWWwZeyZiA==

"@rive-app/react-canvas@^4.17.4":
  version "4.17.4"
  resolved "https://registry.yarnpkg.com/@rive-app/react-canvas/-/react-canvas-4.17.4.tgz#8bbbd4c41e9a70f4334cf6ea86d7295de83c8529"
  integrity sha512-h0MBw2xVje1uJ0A1l6XZZ8nzcxepgcJxlGs4fguLIOHz8cdXMhyxWR4JwuvupK1XPTjVlvD7Ee3NzJowof6A8A==
  dependencies:
    "@rive-app/canvas" "2.25.2"
